{
    "_readme": [
        "This file locks the dependencies of your project to a known state",
        "Read more about it at https://getcomposer.org/doc/01-basic-usage.md#composer-lock-the-lock-file",
        "This file is @generated automatically"
    ],
    "hash": "87a3cdfe90d396f0535cfd5df5449a07",
    "content-hash": "29d479d6cb6476a64ce0c2d51696a6a7",
    "packages": [
        {
            "name": "ballen/gpio",
            "version": "1.0.5",
            "source": {
                "type": "git",
                "url": "https://github.com/allebb/gpio.git",
                "reference": "ad8e80c9c4d854630b86038a242906b5995deafb"
            },
            "dist": {
                "type": "zip",
                "url": "https://api.github.com/repos/allebb/gpio/zipball/ad8e80c9c4d854630b86038a242906b5995deafb",
                "reference": "ad8e80c9c4d854630b86038a242906b5995deafb",
                "shasum": ""
            },
            "require": {
                "php": ">=7.0.0"
            },
            "require-dev": {
                "phpunit/phpunit": "5.7.*"
            },
            "type": "library",
            "autoload": {
                "psr-4": {
                    "Ballen\\GPIO\\": "src/"
                }
            },
            "notification-url": "https://packagist.org/downloads/",
            "license": [
                "GPL-3.0-or-later"
            ],
            "authors": [
                {
                    "name": "Bobby Allen",
                    "email": "ballen@bobbyallen.me",
                    "homepage": "http://bobbyallen.me",
                    "role": "Developer"
                }
            ],
            "description": "A RaspberryPi GPIO library written in PHP.",
            "keywords": [
                "GPIO",
                "RaspberryPi",
                "io",
                "rpi"
            ],
            "time": "2019-01-03 19:40:33"
        },
        {
            "name": "calcinai/php-mmap",
            "version": "v0.1.8",
            "source": {
                "type": "git",
                "url": "https://github.com/calcinai/php-mmap.git",
                "reference": "68802f9be76696cf0e5e7db79f6788728d428477"
            },
            "dist": {
                "type": "zip",
                "url": "https://api.github.com/repos/calcinai/php-mmap/zipball/68802f9be76696cf0e5e7db79f6788728d428477",
                "reference": "68802f9be76696cf0e5e7db79f6788728d428477",
                "shasum": ""
            },
            "require": {
                "php": ">=5.4.0"
            },
            "suggest": {
                "ext-mmap": "Much more efficient native extension"
            },
            "type": "library",
            "autoload": {
                "psr-4": {
                    "Calcinai\\MMap\\": "lib/MMap"
                },
                "files": [
                    "lib/registration.php"
                ]
            },
            "notification-url": "https://packagist.org/downloads/",
            "license": [
                "MIT"
            ],
            "authors": [
                {
                    "name": "Michael Calcinai",
                    "email": "michael@calcin.ai"
                }
            ],
            "description": "mmap for PHP",
            "time": "2016-08-01 09:05:45"
        },
        {
            "name": "calcinai/phpi",
            "version": "v0.3.3",
            "source": {
                "type": "git",
                "url": "https://github.com/calcinai/phpi.git",
                "reference": "fcdd1a5fb8da72e009702d420dd33b2066a8aa85"
            },
            "dist": {
                "type": "zip",
                "url": "https://api.github.com/repos/calcinai/phpi/zipball/fcdd1a5fb8da72e009702d420dd33b2066a8aa85",
                "reference": "fcdd1a5fb8da72e009702d420dd33b2066a8aa85",
                "shasum": ""
            },
            "require": {
                "calcinai/php-mmap": "^0.1",
                "php": ">=5.4.0",
                "react/event-loop": "^0.4.1"
            },
            "require-dev": {
                "phpunit/phpunit": "^4.8"
            },
            "suggest": {
                "cboden/ratchet": "For realtime, bidirectional control from a web browser",
                "ext-mmap": "Much more efficient native extension for accessing peripheral registers"
            },
            "bin": [
                "bin/phpi"
            ],
            "type": "library",
            "autoload": {
                "psr-4": {
                    "Calcinai\\PHPi\\": "src/PHPi"
                }
            },
            "notification-url": "https://packagist.org/downloads/",
            "license": [
                "MIT"
            ],
            "authors": [
                {
                    "name": "Michael Calcinai",
                    "email": "michael@calcin.ai"
                }
            ],
            "description": "Event driven bindings for the Raspberry Pi GPIO",
            "keywords": [
                "GPIO",
                "pi",
                "pwm",
                "raspberry",
                "rpi",
                "spi",
                "websocket"
            ],
            "time": "2018-05-06 21:13:06"
        },
        {
            "name": "piphp/gpio",
            "version": "v0.3.3",
            "source": {
                "type": "git",
                "url": "https://github.com/PiPHP/GPIO.git",
                "reference": "5d2c5b8f6fa7b3327b29ed88fcee0e89a3ca398b"
            },
            "dist": {
                "type": "zip",
                "url": "https://api.github.com/repos/PiPHP/GPIO/zipball/5d2c5b8f6fa7b3327b29ed88fcee0e89a3ca398b",
                "reference": "5d2c5b8f6fa7b3327b29ed88fcee0e89a3ca398b",
                "shasum": ""
            },
            "type": "library",
            "autoload": {
                "psr-4": {
                    "PiPHP\\GPIO\\": "src/"
                }
            },
            "notification-url": "https://packagist.org/downloads/",
            "license": [
                "MIT"
            ],
            "authors": [
                {
                    "name": "Andrew Carter",
                    "email": "andrewcarter1992@gmail.com"
                }
            ],
            "description": "A library for accessing the GPIO pins on a Raspberry Pi",
            "keywords": [
                "GPIO",
                "pi",
                "pin",
                "pins",
                "raspberry"
            ],
            "time": "2016-07-09 11:38:12"
        },
        {
            "name": "react/event-loop",
            "version": "v0.4.3",
            "source": {
                "type": "git",
                "url": "https://github.com/reactphp/event-loop.git",
                "reference": "8bde03488ee897dc6bb3d91e4e17c353f9c5252f"
            },
            "dist": {
                "type": "zip",
                "url": "https://api.github.com/repos/reactphp/event-loop/zipball/8bde03488ee897dc6bb3d91e4e17c353f9c5252f",
                "reference": "8bde03488ee897dc6bb3d91e4e17c353f9c5252f",
                "shasum": ""
            },
            "require": {
                "php": ">=5.4.0"
            },
            "require-dev": {
                "phpunit/phpunit": "~4.8"
            },
            "suggest": {
                "ext-event": "~1.0",
                "ext-libev": "*",
                "ext-libevent": ">=0.1.0"
            },
            "type": "library",
            "autoload": {
                "psr-4": {
                    "React\\EventLoop\\": "src"
                }
            },
            "notification-url": "https://packagist.org/downloads/",
            "license": [
                "MIT"
            ],
            "description": "Event loop abstraction layer that libraries can use for evented I/O.",
            "keywords": [
                "asynchronous",
                "event-loop"
            ],
            "time": "2017-04-27 10:56:23"
        }
    ],
    "packages-dev": [],
    "aliases": [],
    "minimum-stability": "stable",
    "stability-flags": [],
    "prefer-stable": false,
    "prefer-lowest": false,
    "platform": [],
    "platform-dev": []
}
